
Microsoft Visual Studio Solution File, Format Version 12.00
# Visual Studio Version 17
VisualStudioVersion = 17.3.32922.545
MinimumVisualStudioVersion = 10.0.40219.1
Project("{2150E333-8FDC-42A3-9474-1A3956D46DE8}") = "src", "src", "{88C6BDD9-95BF-462A-9585-C5CB14B1EB4D}"
EndProject
Project("{2150E333-8FDC-42A3-9474-1A3956D46DE8}") = "test", "test", "{1EAA0B99-E07D-4857-8675-578E709D0191}"
EndProject
Project("{2150E333-8FDC-42A3-9474-1A3956D46DE8}") = "Core", "Core", "{634863AE-A468-4577-94C6-9F3BE5EA46DC}"
EndProject
Project("{2150E333-8FDC-42A3-9474-1A3956D46DE8}") = "Infrastructure", "Infrastructure", "{8580E81B-A802-452C-BC2E-FF517B6C5629}"
EndProject
Project("{2150E333-8FDC-42A3-9474-1A3956D46DE8}") = "API", "API", "{9C87ABAE-4A17-4215-BBA1-5A10F9DE3F59}"
EndProject
Project("{2150E333-8FDC-42A3-9474-1A3956D46DE8}") = "UI", "UI", "{2C06BD23-4E98-494B-92CD-08B331A843DB}"
EndProject
Project("{FAE04EC0-301F-11D3-BF4B-00C04F79EFBC}") = "Domain", "Domain\Domain.csproj", "{AE95ED3D-FDAE-4F44-A1B0-7709C54A8428}"
EndProject
Global
	GlobalSection(SolutionConfigurationPlatforms) = preSolution
		Debug|Any CPU = Debug|Any CPU
		Release|Any CPU = Release|Any CPU
	EndGlobalSection
	GlobalSection(SolutionProperties) = preSolution
		HideSolutionNode = FALSE
	EndGlobalSection
	GlobalSection(ExtensibilityGlobals) = postSolution
		SolutionGuid = {04EE5569-4196-47F2-A52B-CF1049C542F2}
	EndGlobalSection
	GlobalSection(NestedProjects) = preSolution
		{634863AE-A468-4577-94C6-9F3BE5EA46DC} = {88C6BDD9-95BF-462A-9585-C5CB14B1EB4D}
		{8580E81B-A802-452C-BC2E-FF517B6C5629} = {88C6BDD9-95BF-462A-9585-C5CB14B1EB4D}
		{9C87ABAE-4A17-4215-BBA1-5A10F9DE3F59} = {88C6BDD9-95BF-462A-9585-C5CB14B1EB4D}
		{2C06BD23-4E98-494B-92CD-08B331A843DB} = {88C6BDD9-95BF-462A-9585-C5CB14B1EB4D}
		{AE95ED3D-FDAE-4F44-A1B0-7709C54A8428} = {634863AE-A468-4577-94C6-9F3BE5EA46DC}
	EndGlobalSection
	GlobalSection(ProjectConfigurationPlatforms) = postSolution
		{AE95ED3D-FDAE-4F44-A1B0-7709C54A8428}.Debug|Any CPU.ActiveCfg = Debug|Any CPU
		{AE95ED3D-FDAE-4F44-A1B0-7709C54A8428}.Debug|Any CPU.Build.0 = Debug|Any CPU
		{AE95ED3D-FDAE-4F44-A1B0-7709C54A8428}.Release|Any CPU.ActiveCfg = Release|Any CPU
		{AE95ED3D-FDAE-4F44-A1B0-7709C54A8428}.Release|Any CPU.Build.0 = Release|Any CPU
	EndGlobalSection
EndGlobal
